
Microsoft Visual Studio Solution File, Format Version 11.00
# Visual Studio 2010
Project("{FAE04EC0-301F-11D3-BF4B-00C04F79EFBC}") = "ShapeSpinner", "ShapeSpinner\ShapeSpinner.csproj", "{B28AEBF5-80A8-47AC-B56D-ADF892C31074}"
EndProject
Global
	GlobalSection(SolutionConfigurationPlatforms) = preSolution
		Debug|Any CPU = Debug|Any CPU
		Release|Any CPU = Release|Any CPU
	EndGlobalSection
	GlobalSection(ProjectConfigurationPlatforms) = postSolution
		{B28AEBF5-80A8-47AC-B56D-ADF892C31074}.Debug|Any CPU.ActiveCfg = Debug|Any CPU
		{B28AEBF5-80A8-47AC-B56D-ADF892C31074}.Debug|Any CPU.Build.0 = Debug|Any CPU
		{B28AEBF5-80A8-47AC-B56D-ADF892C31074}.Release|Any CPU.ActiveCfg = Release|Any CPU
		{B28AEBF5-80A8-47AC-B56D-ADF892C31074}.Release|Any CPU.Build.0 = Release|Any CPU
	EndGlobalSection
	GlobalSection(SolutionProperties) = preSolution
		HideSolutionNode = FALSE
	EndGlobalSection
EndGlobal
